
Microsoft Visual Studio Solution File, Format Version 12.00
# Visual Studio Version 16
VisualStudioVersion = 16.0.32106.194
MinimumVisualStudioVersion = 10.0.40219.1
Project("{FAE04EC0-301F-11D3-BF4B-00C04F79EFBC}") = "Assembly-CSharp", "Assembly-CSharp.csproj", "{66C4C7EF-A29B-01F4-4354-1C5996EC2284}"
EndProject
Project("{FAE04EC0-301F-11D3-BF4B-00C04F79EFBC}") = "Assembly-CSharp-Editor", "Assembly-CSharp-Editor.csproj", "{B6CF4152-433A-C083-15D9-9FDA87D4C259}"
EndProject
Global
	GlobalSection(SolutionConfigurationPlatforms) = preSolution
		Debug|Any CPU = Debug|Any CPU
		Release|Any CPU = Release|Any CPU
	EndGlobalSection
	GlobalSection(ProjectConfigurationPlatforms) = postSolution
		{66C4C7EF-A29B-01F4-4354-1C5996EC2284}.Debug|Any CPU.ActiveCfg = Debug|Any CPU
		{66C4C7EF-A29B-01F4-4354-1C5996EC2284}.Debug|Any CPU.Build.0 = Debug|Any CPU
		{66C4C7EF-A29B-01F4-4354-1C5996EC2284}.Release|Any CPU.ActiveCfg = Release|Any CPU
		{66C4C7EF-A29B-01F4-4354-1C5996EC2284}.Release|Any CPU.Build.0 = Release|Any CPU
		{B6CF4152-433A-C083-15D9-9FDA87D4C259}.Debug|Any CPU.ActiveCfg = Debug|Any CPU
		{B6CF4152-433A-C083-15D9-9FDA87D4C259}.Debug|Any CPU.Build.0 = Debug|Any CPU
		{B6CF4152-433A-C083-15D9-9FDA87D4C259}.Release|Any CPU.ActiveCfg = Release|Any CPU
		{B6CF4152-433A-C083-15D9-9FDA87D4C259}.Release|Any CPU.Build.0 = Release|Any CPU
	EndGlobalSection
	GlobalSection(SolutionProperties) = preSolution
		HideSolutionNode = FALSE
	EndGlobalSection
	GlobalSection(ExtensibilityGlobals) = postSolution
		SolutionGuid = {70465F8B-5740-4897-A444-C80F8629CCB8}
	EndGlobalSection
EndGlobal
